// !$*UTF8*$!
{
	archiveVersion = 1;
	classes = {
	};
	objectVersion = 48;
	objects = {

/* Begin PBXBuildFile section */
		04B885438018EA155BF8E749 /* libPods-SS-Client.a in Frameworks */ = {isa = PBXBuildFile; fileRef = E90876A01F3A18BF9FCC30AA /* libPods-SS-Client.a */; };
		18C416374795B5E378FA1A31 /* libPods-NetworkProxySetter.a in Frameworks */ = {isa = PBXBuildFile; fileRef = 2C3ACC3B9F2E8D7E317C1928 /* libPods-NetworkProxySetter.a */; };
		5D5CDC72207CFC190053DD36 /* main.m in Sources */ = {isa = PBXBuildFile; fileRef = 5D5CDC71207CFC190053DD36 /* main.m */; };
		5D5CDC79207CFD490053DD36 /* SystemConfiguration.framework in Frameworks */ = {isa = PBXBuildFile; fileRef = 5D5CDC78207CFD490053DD36 /* SystemConfiguration.framework */; };
		5DCB6778207F86D6002C6F18 /* ProxySetter.m in Sources */ = {isa = PBXBuildFile; fileRef = 5DCB6777207F86D6002C6F18 /* ProxySetter.m */; };
		5DF0638A207B9B5600790148 /* ServiceManagement.framework in Frameworks */ = {isa = PBXBuildFile; fileRef = 5DF06389207B9B5600790148 /* ServiceManagement.framework */; };
		5DF063B1207B9CBE00790148 /* LaunchHelperTool.app in CopyFiles */ = {isa = PBXBuildFile; fileRef = 5DF063AE207B9CA700790148 /* LaunchHelperTool.app */; settings = {ATTRIBUTES = (RemoveHeadersOnCopy, ); }; };
		5DFF3FE2207B89910008D219 /* AppDelegate.m in Sources */ = {isa = PBXBuildFile; fileRef = 5DFF3FE1207B89910008D219 /* AppDelegate.m */; };
		5DFF3FE4207B89910008D219 /* Assets.xcassets in Resources */ = {isa = PBXBuildFile; fileRef = 5DFF3FE3207B89910008D219 /* Assets.xcassets */; };
		5DFF3FE7207B89910008D219 /* MainMenu.xib in Resources */ = {isa = PBXBuildFile; fileRef = 5DFF3FE5207B89910008D219 /* MainMenu.xib */; };
		5DFF3FEA207B89910008D219 /* main.m in Sources */ = {isa = PBXBuildFile; fileRef = 5DFF3FE9207B89910008D219 /* main.m */; };
/* End PBXBuildFile section */

/* Begin PBXContainerItemProxy section */
		5D5CDC76207CFC2B0053DD36 /* PBXContainerItemProxy */ = {
			isa = PBXContainerItemProxy;
			containerPortal = 5DFF3FD5207B89900008D219 /* Project object */;
			proxyType = 1;
			remoteGlobalIDString = 5D5CDC6E207CFC190053DD36;
			remoteInfo = NetworkProxySetter;
		};
		5DF063AD207B9CA700790148 /* PBXContainerItemProxy */ = {
			isa = PBXContainerItemProxy;
			containerPortal = 5DF063A9207B9CA700790148 /* LaunchHelperTool.xcodeproj */;
			proxyType = 2;
			remoteGlobalIDString = 5DF06395207B9C9C00790148;
			remoteInfo = LaunchHelperTool;
		};
		5DF063AF207B9CB700790148 /* PBXContainerItemProxy */ = {
			isa = PBXContainerItemProxy;
			containerPortal = 5DF063A9207B9CA700790148 /* LaunchHelperTool.xcodeproj */;
			proxyType = 1;
			remoteGlobalIDString = 5DF06394207B9C9C00790148;
			remoteInfo = LaunchHelperTool;
		};
/* End PBXContainerItemProxy section */

/* Begin PBXCopyFilesBuildPhase section */
		5D5CDC6D207CFC190053DD36 /* CopyFiles */ = {
			isa = PBXCopyFilesBuildPhase;
			buildActionMask = 2147483647;
			dstPath = /usr/share/man/man1/;
			dstSubfolderSpec = 0;
			files = (
			);
			runOnlyForDeploymentPostprocessing = 1;
		};
		5DF06387207B9A5100790148 /* CopyFiles */ = {
			isa = PBXCopyFilesBuildPhase;
			buildActionMask = 2147483647;
			dstPath = Contents/Library/LoginItems;
			dstSubfolderSpec = 1;
			files = (
				5DF063B1207B9CBE00790148 /* LaunchHelperTool.app in CopyFiles */,
			);
			runOnlyForDeploymentPostprocessing = 0;
		};
/* End PBXCopyFilesBuildPhase section */

/* Begin PBXFileReference section */
		2C3ACC3B9F2E8D7E317C1928 /* libPods-NetworkProxySetter.a */ = {isa = PBXFileReference; explicitFileType = archive.ar; includeInIndex = 0; path = "libPods-NetworkProxySetter.a"; sourceTree = BUILT_PRODUCTS_DIR; };
		2D7103C2ECBA68BBA22D7B11 /* Pods-SS-Client.debug.xcconfig */ = {isa = PBXFileReference; includeInIndex = 1; lastKnownFileType = text.xcconfig; name = "Pods-SS-Client.debug.xcconfig"; path = "Pods/Target Support Files/Pods-SS-Client/Pods-SS-Client.debug.xcconfig"; sourceTree = "<group>"; };
		5BD7599994E1BB3FA0A8B06F /* Pods-NetworkProxySetter.release.xcconfig */ = {isa = PBXFileReference; includeInIndex = 1; lastKnownFileType = text.xcconfig; name = "Pods-NetworkProxySetter.release.xcconfig"; path = "Pods/Target Support Files/Pods-NetworkProxySetter/Pods-NetworkProxySetter.release.xcconfig"; sourceTree = "<group>"; };
		5D5CDC6F207CFC190053DD36 /* NetworkProxySetter */ = {isa = PBXFileReference; explicitFileType = "compiled.mach-o.executable"; includeInIndex = 0; path = NetworkProxySetter; sourceTree = BUILT_PRODUCTS_DIR; };
		5D5CDC71207CFC190053DD36 /* main.m */ = {isa = PBXFileReference; lastKnownFileType = sourcecode.c.objc; path = main.m; sourceTree = "<group>"; };
		5D5CDC78207CFD490053DD36 /* SystemConfiguration.framework */ = {isa = PBXFileReference; lastKnownFileType = wrapper.framework; name = SystemConfiguration.framework; path = System/Library/Frameworks/SystemConfiguration.framework; sourceTree = SDKROOT; };
		5DCB6776207F86D6002C6F18 /* ProxySetter.h */ = {isa = PBXFileReference; lastKnownFileType = sourcecode.c.h; path = ProxySetter.h; sourceTree = "<group>"; };
		5DCB6777207F86D6002C6F18 /* ProxySetter.m */ = {isa = PBXFileReference; lastKnownFileType = sourcecode.c.objc; path = ProxySetter.m; sourceTree = "<group>"; };
		5DF06389207B9B5600790148 /* ServiceManagement.framework */ = {isa = PBXFileReference; lastKnownFileType = wrapper.framework; name = ServiceManagement.framework; path = System/Library/Frameworks/ServiceManagement.framework; sourceTree = SDKROOT; };
		5DF063A9207B9CA700790148 /* LaunchHelperTool.xcodeproj */ = {isa = PBXFileReference; lastKnownFileType = "wrapper.pb-project"; name = LaunchHelperTool.xcodeproj; path = LaunchHelperTool/LaunchHelperTool.xcodeproj; sourceTree = "<group>"; };
		5DFF3FDD207B89910008D219 /* SS-Client.app */ = {isa = PBXFileReference; explicitFileType = wrapper.application; includeInIndex = 0; path = "SS-Client.app"; sourceTree = BUILT_PRODUCTS_DIR; };
		5DFF3FE0207B89910008D219 /* AppDelegate.h */ = {isa = PBXFileReference; lastKnownFileType = sourcecode.c.h; path = AppDelegate.h; sourceTree = "<group>"; };
		5DFF3FE1207B89910008D219 /* AppDelegate.m */ = {isa = PBXFileReference; lastKnownFileType = sourcecode.c.objc; path = AppDelegate.m; sourceTree = "<group>"; };
		5DFF3FE3207B89910008D219 /* Assets.xcassets */ = {isa = PBXFileReference; lastKnownFileType = folder.assetcatalog; path = Assets.xcassets; sourceTree = "<group>"; };
		5DFF3FE6207B89910008D219 /* Base */ = {isa = PBXFileReference; lastKnownFileType = file.xib; name = Base; path = Base.lproj/MainMenu.xib; sourceTree = "<group>"; };
		5DFF3FE8207B89910008D219 /* Info.plist */ = {isa = PBXFileReference; lastKnownFileType = text.plist.xml; path = Info.plist; sourceTree = "<group>"; };
		5DFF3FE9207B89910008D219 /* main.m */ = {isa = PBXFileReference; lastKnownFileType = sourcecode.c.objc; path = main.m; sourceTree = "<group>"; };
		8D77CAF36D8FB1EBB73AA711 /* Pods-SS-Client.release.xcconfig */ = {isa = PBXFileReference; includeInIndex = 1; lastKnownFileType = text.xcconfig; name = "Pods-SS-Client.release.xcconfig"; path = "Pods/Target Support Files/Pods-SS-Client/Pods-SS-Client.release.xcconfig"; sourceTree = "<group>"; };
		CF98ADA714716E912BF30AA0 /* Pods-NetworkProxySetter.debug.xcconfig */ = {isa = PBXFileReference; includeInIndex = 1; lastKnownFileType = text.xcconfig; name = "Pods-NetworkProxySetter.debug.xcconfig"; path = "Pods/Target Support Files/Pods-NetworkProxySetter/Pods-NetworkProxySetter.debug.xcconfig"; sourceTree = "<group>"; };
		E90876A01F3A18BF9FCC30AA /* libPods-SS-Client.a */ = {isa = PBXFileReference; explicitFileType = archive.ar; includeInIndex = 0; path = "libPods-SS-Client.a"; sourceTree = BUILT_PRODUCTS_DIR; };
/* End PBXFileReference section */

/* Begin PBXFrameworksBuildPhase section */
		5D5CDC6C207CFC190053DD36 /* Frameworks */ = {
			isa = PBXFrameworksBuildPhase;
			buildActionMask = 2147483647;
			files = (
				5D5CDC79207CFD490053DD36 /* SystemConfiguration.framework in Frameworks */,
				18C416374795B5E378FA1A31 /* libPods-NetworkProxySetter.a in Frameworks */,
			);
			runOnlyForDeploymentPostprocessing = 0;
		};
		5DFF3FDA207B89910008D219 /* Frameworks */ = {
			isa = PBXFrameworksBuildPhase;
			buildActionMask = 2147483647;
			files = (
				5DF0638A207B9B5600790148 /* ServiceManagement.framework in Frameworks */,
				04B885438018EA155BF8E749 /* libPods-SS-Client.a in Frameworks */,
			);
			runOnlyForDeploymentPostprocessing = 0;
		};
/* End PBXFrameworksBuildPhase section */

/* Begin PBXGroup section */
		2D8C85F06792988E61BA80F2 /* Pods */ = {
			isa = PBXGroup;
			children = (
				2D7103C2ECBA68BBA22D7B11 /* Pods-SS-Client.debug.xcconfig */,
				8D77CAF36D8FB1EBB73AA711 /* Pods-SS-Client.release.xcconfig */,
				CF98ADA714716E912BF30AA0 /* Pods-NetworkProxySetter.debug.xcconfig */,
				5BD7599994E1BB3FA0A8B06F /* Pods-NetworkProxySetter.release.xcconfig */,
			);
			name = Pods;
			sourceTree = "<group>";
		};
		5D5CDC70207CFC190053DD36 /* NetworkProxySetter */ = {
			isa = PBXGroup;
			children = (
				5D5CDC71207CFC190053DD36 /* main.m */,
				5DCB6776207F86D6002C6F18 /* ProxySetter.h */,
				5DCB6777207F86D6002C6F18 /* ProxySetter.m */,
			);
			path = NetworkProxySetter;
			sourceTree = "<group>";
		};
		5DF063AA207B9CA700790148 /* Products */ = {
			isa = PBXGroup;
			children = (
				5DF063AE207B9CA700790148 /* LaunchHelperTool.app */,
			);
			name = Products;
			sourceTree = "<group>";
		};
		5DFF3FD4207B89900008D219 = {
			isa = PBXGroup;
			children = (
				5DF063A9207B9CA700790148 /* LaunchHelperTool.xcodeproj */,
				5DFF3FDF207B89910008D219 /* SS-Client */,
				5D5CDC70207CFC190053DD36 /* NetworkProxySetter */,
				5DFF3FDE207B89910008D219 /* Products */,
				2D8C85F06792988E61BA80F2 /* Pods */,
				A5CFD11342C039B795A2CECD /* Frameworks */,
			);
			sourceTree = "<group>";
		};
		5DFF3FDE207B89910008D219 /* Products */ = {
			isa = PBXGroup;
			children = (
				5DFF3FDD207B89910008D219 /* SS-Client.app */,
				5D5CDC6F207CFC190053DD36 /* NetworkProxySetter */,
			);
			name = Products;
			sourceTree = "<group>";
		};
		5DFF3FDF207B89910008D219 /* SS-Client */ = {
			isa = PBXGroup;
			children = (
				5DFF3FE0207B89910008D219 /* AppDelegate.h */,
				5DFF3FE1207B89910008D219 /* AppDelegate.m */,
				5DFF3FE3207B89910008D219 /* Assets.xcassets */,
				5DFF3FE5207B89910008D219 /* MainMenu.xib */,
				5DFF3FE8207B89910008D219 /* Info.plist */,
				5DFF3FE9207B89910008D219 /* main.m */,
			);
			path = "SS-Client";
			sourceTree = "<group>";
		};
		A5CFD11342C039B795A2CECD /* Frameworks */ = {
			isa = PBXGroup;
			children = (
				5D5CDC78207CFD490053DD36 /* SystemConfiguration.framework */,
				5DF06389207B9B5600790148 /* ServiceManagement.framework */,
				E90876A01F3A18BF9FCC30AA /* libPods-SS-Client.a */,
				2C3ACC3B9F2E8D7E317C1928 /* libPods-NetworkProxySetter.a */,
			);
			name = Frameworks;
			sourceTree = "<group>";
		};
/* End PBXGroup section */

/* Begin PBXNativeTarget section */
		5D5CDC6E207CFC190053DD36 /* NetworkProxySetter */ = {
			isa = PBXNativeTarget;
			buildConfigurationList = 5D5CDC75207CFC190053DD36 /* Build configuration list for PBXNativeTarget "NetworkProxySetter" */;
			buildPhases = (
				7D61AC8355F8F60004090002 /* [CP] Check Pods Manifest.lock */,
				5D5CDC6B207CFC190053DD36 /* Sources */,
				5D5CDC6C207CFC190053DD36 /* Frameworks */,
				5D5CDC6D207CFC190053DD36 /* CopyFiles */,
				70A622BAF2715978A5026AFB /* [CP] Copy Pods Resources */,
			);
			buildRules = (
			);
			dependencies = (
			);
			name = NetworkProxySetter;
			productName = NetworkProxySetter;
			productReference = 5D5CDC6F207CFC190053DD36 /* NetworkProxySetter */;
			productType = "com.apple.product-type.tool";
		};
		5DFF3FDC207B89910008D219 /* SS-Client */ = {
			isa = PBXNativeTarget;
			buildConfigurationList = 5DFF3FEE207B89910008D219 /* Build configuration list for PBXNativeTarget "SS-Client" */;
			buildPhases = (
				9FEE1454D020B0E9843099A1 /* [CP] Check Pods Manifest.lock */,
				5DFF3FD9207B89910008D219 /* Sources */,
				5DFF3FDA207B89910008D219 /* Frameworks */,
				5DFF3FDB207B89910008D219 /* Resources */,
				8D4F3F830B7CAC14CEEB017F /* [CP] Embed Pods Frameworks */,
				AF2A84BA3AB1BD757B4A3BBB /* [CP] Copy Pods Resources */,
				5DF06387207B9A5100790148 /* CopyFiles */,
			);
			buildRules = (
			);
			dependencies = (
				5D5CDC77207CFC2B0053DD36 /* PBXTargetDependency */,
				5DF063B0207B9CB700790148 /* PBXTargetDependency */,
			);
			name = "SS-Client";
			productName = "SS-Client";
			productReference = 5DFF3FDD207B89910008D219 /* SS-Client.app */;
			productType = "com.apple.product-type.application";
		};
/* End PBXNativeTarget section */

/* Begin PBXProject section */
		5DFF3FD5207B89900008D219 /* Project object */ = {
			isa = PBXProject;
			attributes = {
				LastUpgradeCheck = 0920;
				ORGANIZATIONNAME = zxzerster;
				TargetAttributes = {
					5D5CDC6E207CFC190053DD36 = {
						CreatedOnToolsVersion = 9.2;
						ProvisioningStyle = Automatic;
					};
					5DFF3FDC207B89910008D219 = {
						CreatedOnToolsVersion = 9.2;
						ProvisioningStyle = Manual;
						SystemCapabilities = {
							com.apple.Sandbox = {
								enabled = 0;
							};
						};
					};
				};
			};
			buildConfigurationList = 5DFF3FD8207B89900008D219 /* Build configuration list for PBXProject "SS-Client" */;
			compatibilityVersion = "Xcode 8.0";
			developmentRegion = en;
			hasScannedForEncodings = 0;
			knownRegions = (
				en,
				Base,
			);
			mainGroup = 5DFF3FD4207B89900008D219;
			productRefGroup = 5DFF3FDE207B89910008D219 /* Products */;
			projectDirPath = "";
			projectReferences = (
				{
					ProductGroup = 5DF063AA207B9CA700790148 /* Products */;
					ProjectRef = 5DF063A9207B9CA700790148 /* LaunchHelperTool.xcodeproj */;
				},
			);
			projectRoot = "";
			targets = (
				5DFF3FDC207B89910008D219 /* SS-Client */,
				5D5CDC6E207CFC190053DD36 /* NetworkProxySetter */,
			);
		};
/* End PBXProject section */

/* Begin PBXReferenceProxy section */
		5DF063AE207B9CA700790148 /* LaunchHelperTool.app */ = {
			isa = PBXReferenceProxy;
			fileType = wrapper.application;
			path = LaunchHelperTool.app;
			remoteRef = 5DF063AD207B9CA700790148 /* PBXContainerItemProxy */;
			sourceTree = BUILT_PRODUCTS_DIR;
		};
/* End PBXReferenceProxy section */

/* Begin PBXResourcesBuildPhase section */
		5DFF3FDB207B89910008D219 /* Resources */ = {
			isa = PBXResourcesBuildPhase;
			buildActionMask = 2147483647;
			files = (
				5DFF3FE4207B89910008D219 /* Assets.xcassets in Resources */,
				5DFF3FE7207B89910008D219 /* MainMenu.xib in Resources */,
			);
			runOnlyForDeploymentPostprocessing = 0;
		};
/* End PBXResourcesBuildPhase section */

/* Begin PBXShellScriptBuildPhase section */
		70A622BAF2715978A5026AFB /* [CP] Copy Pods Resources */ = {
			isa = PBXShellScriptBuildPhase;
			buildActionMask = 2147483647;
			files = (
			);
			inputPaths = (
			);
			name = "[CP] Copy Pods Resources";
			outputPaths = (
			);
			runOnlyForDeploymentPostprocessing = 0;
			shellPath = /bin/sh;
			shellScript = "\"${SRCROOT}/Pods/Target Support Files/Pods-NetworkProxySetter/Pods-NetworkProxySetter-resources.sh\"\n";
			showEnvVarsInLog = 0;
		};
		7D61AC8355F8F60004090002 /* [CP] Check Pods Manifest.lock */ = {
			isa = PBXShellScriptBuildPhase;
			buildActionMask = 2147483647;
			files = (
			);
			inputPaths = (
				"${PODS_PODFILE_DIR_PATH}/Podfile.lock",
				"${PODS_ROOT}/Manifest.lock",
			);
			name = "[CP] Check Pods Manifest.lock";
			outputPaths = (
				"$(DERIVED_FILE_DIR)/Pods-NetworkProxySetter-checkManifestLockResult.txt",
			);
			runOnlyForDeploymentPostprocessing = 0;
			shellPath = /bin/sh;
			shellScript = "diff \"${PODS_PODFILE_DIR_PATH}/Podfile.lock\" \"${PODS_ROOT}/Manifest.lock\" > /dev/null\nif [ $? != 0 ] ; then\n    # print error to STDERR\n    echo \"error: The sandbox is not in sync with the Podfile.lock. Run 'pod install' or update your CocoaPods installation.\" >&2\n    exit 1\nfi\n# This output is used by Xcode 'outputs' to avoid re-running this script phase.\necho \"SUCCESS\" > \"${SCRIPT_OUTPUT_FILE_0}\"\n";
			showEnvVarsInLog = 0;
		};
		8D4F3F830B7CAC14CEEB017F /* [CP] Embed Pods Frameworks */ = {
			isa = PBXShellScriptBuildPhase;
			buildActionMask = 2147483647;
			files = (
			);
			inputPaths = (
			);
			name = "[CP] Embed Pods Frameworks";
			outputPaths = (
			);
			runOnlyForDeploymentPostprocessing = 0;
			shellPath = /bin/sh;
			shellScript = "\"${SRCROOT}/Pods/Target Support Files/Pods-SS-Client/Pods-SS-Client-frameworks.sh\"\n";
			showEnvVarsInLog = 0;
		};
		9FEE1454D020B0E9843099A1 /* [CP] Check Pods Manifest.lock */ = {
			isa = PBXShellScriptBuildPhase;
			buildActionMask = 2147483647;
			files = (
			);
			inputPaths = (
				"${PODS_PODFILE_DIR_PATH}/Podfile.lock",
				"${PODS_ROOT}/Manifest.lock",
			);
			name = "[CP] Check Pods Manifest.lock";
			outputPaths = (
				"$(DERIVED_FILE_DIR)/Pods-SS-Client-checkManifestLockResult.txt",
			);
			runOnlyForDeploymentPostprocessing = 0;
			shellPath = /bin/sh;
			shellScript = "diff \"${PODS_PODFILE_DIR_PATH}/Podfile.lock\" \"${PODS_ROOT}/Manifest.lock\" > /dev/null\nif [ $? != 0 ] ; then\n    # print error to STDERR\n    echo \"error: The sandbox is not in sync with the Podfile.lock. Run 'pod install' or update your CocoaPods installation.\" >&2\n    exit 1\nfi\n# This output is used by Xcode 'outputs' to avoid re-running this script phase.\necho \"SUCCESS\" > \"${SCRIPT_OUTPUT_FILE_0}\"\n";
			showEnvVarsInLog = 0;
		};
		AF2A84BA3AB1BD757B4A3BBB /* [CP] Copy Pods Resources */ = {
			isa = PBXShellScriptBuildPhase;
			buildActionMask = 2147483647;
			files = (
			);
			inputPaths = (
			);
			name = "[CP] Copy Pods Resources";
			outputPaths = (
			);
			runOnlyForDeploymentPostprocessing = 0;
			shellPath = /bin/sh;
			shellScript = "\"${SRCROOT}/Pods/Target Support Files/Pods-SS-Client/Pods-SS-Client-resources.sh\"\n";
			showEnvVarsInLog = 0;
		};
/* End PBXShellScriptBuildPhase section */

/* Begin PBXSourcesBuildPhase section */
		5D5CDC6B207CFC190053DD36 /* Sources */ = {
			isa = PBXSourcesBuildPhase;
			buildActionMask = 2147483647;
			files = (
				5D5CDC72207CFC190053DD36 /* main.m in Sources */,
				5DCB6778207F86D6002C6F18 /* ProxySetter.m in Sources */,
			);
			runOnlyForDeploymentPostprocessing = 0;
		};
		5DFF3FD9207B89910008D219 /* Sources */ = {
			isa = PBXSourcesBuildPhase;
			buildActionMask = 2147483647;
			files = (
				5DFF3FEA207B89910008D219 /* main.m in Sources */,
				5DFF3FE2207B89910008D219 /* AppDelegate.m in Sources */,
			);
			runOnlyForDeploymentPostprocessing = 0;
		};
/* End PBXSourcesBuildPhase section */

/* Begin PBXTargetDependency section */
		5D5CDC77207CFC2B0053DD36 /* PBXTargetDependency */ = {
			isa = PBXTargetDependency;
			target = 5D5CDC6E207CFC190053DD36 /* NetworkProxySetter */;
			targetProxy = 5D5CDC76207CFC2B0053DD36 /* PBXContainerItemProxy */;
		};
		5DF063B0207B9CB700790148 /* PBXTargetDependency */ = {
			isa = PBXTargetDependency;
			name = LaunchHelperTool;
			targetProxy = 5DF063AF207B9CB700790148 /* PBXContainerItemProxy */;
		};
/* End PBXTargetDependency section */

/* Begin PBXVariantGroup section */
		5DFF3FE5207B89910008D219 /* MainMenu.xib */ = {
			isa = PBXVariantGroup;
			children = (
				5DFF3FE6207B89910008D219 /* Base */,
			);
			name = MainMenu.xib;
			sourceTree = "<group>";
		};
/* End PBXVariantGroup section */

/* Begin XCBuildConfiguration section */
		5D5CDC73207CFC190053DD36 /* Debug */ = {
			isa = XCBuildConfiguration;
			baseConfigurationReference = CF98ADA714716E912BF30AA0 /* Pods-NetworkProxySetter.debug.xcconfig */;
			buildSettings = {
				CODE_SIGN_STYLE = Automatic;
				DEVELOPMENT_TEAM = 2K3PAR9T8H;
				PRODUCT_NAME = "$(TARGET_NAME)";
			};
			name = Debug;
		};
		5D5CDC74207CFC190053DD36 /* Release */ = {
			isa = XCBuildConfiguration;
			baseConfigurationReference = 5BD7599994E1BB3FA0A8B06F /* Pods-NetworkProxySetter.release.xcconfig */;
			buildSettings = {
				CODE_SIGN_STYLE = Automatic;
				DEVELOPMENT_TEAM = 2K3PAR9T8H;
				PRODUCT_NAME = "$(TARGET_NAME)";
			};
			name = Release;
		};
		5DFF3FEC207B89910008D219 /* Debug */ = {
			isa = XCBuildConfiguration;
			buildSettings = {
				ALWAYS_SEARCH_USER_PATHS = NO;
				CLANG_ANALYZER_NONNULL = YES;
				CLANG_ANALYZER_NUMBER_OBJECT_CONVERSION = YES_AGGRESSIVE;
				CLANG_CXX_LANGUAGE_STANDARD = "gnu++14";
				CLANG_CXX_LIBRARY = "libc++";
				CLANG_ENABLE_MODULES = YES;
				CLANG_ENABLE_OBJC_ARC = YES;
				CLANG_WARN_BLOCK_CAPTURE_AUTORELEASING = YES;
				CLANG_WARN_BOOL_CONVERSION = YES;
				CLANG_WARN_COMMA = YES;
				CLANG_WARN_CONSTANT_CONVERSION = YES;
				CLANG_WARN_DIRECT_OBJC_ISA_USAGE = YES_ERROR;
				CLANG_WARN_DOCUMENTATION_COMMENTS = YES;
				CLANG_WARN_EMPTY_BODY = YES;
				CLANG_WARN_ENUM_CONVERSION = YES;
				CLANG_WARN_INFINITE_RECURSION = YES;
				CLANG_WARN_INT_CONVERSION = YES;
				CLANG_WARN_NON_LITERAL_NULL_CONVERSION = YES;
				CLANG_WARN_OBJC_LITERAL_CONVERSION = YES;
				CLANG_WARN_OBJC_ROOT_CLASS = YES_ERROR;
				CLANG_WARN_RANGE_LOOP_ANALYSIS = YES;
				CLANG_WARN_STRICT_PROTOTYPES = YES;
				CLANG_WARN_SUSPICIOUS_MOVE = YES;
				CLANG_WARN_UNGUARDED_AVAILABILITY = YES_AGGRESSIVE;
				CLANG_WARN_UNREACHABLE_CODE = YES;
				CLANG_WARN__DUPLICATE_METHOD_MATCH = YES;
				CODE_SIGN_IDENTITY = "Mac Developer";
				COPY_PHASE_STRIP = NO;
				DEBUG_INFORMATION_FORMAT = dwarf;
				ENABLE_STRICT_OBJC_MSGSEND = YES;
				ENABLE_TESTABILITY = YES;
				GCC_C_LANGUAGE_STANDARD = gnu11;
				GCC_DYNAMIC_NO_PIC = NO;
				GCC_NO_COMMON_BLOCKS = YES;
				GCC_OPTIMIZATION_LEVEL = 0;
				GCC_PREPROCESSOR_DEFINITIONS = (
					"DEBUG=1",
					"$(inherited)",
				);
				GCC_WARN_64_TO_32_BIT_CONVERSION = YES;
				GCC_WARN_ABOUT_RETURN_TYPE = YES_ERROR;
				GCC_WARN_UNDECLARED_SELECTOR = YES;
				GCC_WARN_UNINITIALIZED_AUTOS = YES_AGGRESSIVE;
				GCC_WARN_UNUSED_FUNCTION = YES;
				GCC_WARN_UNUSED_VARIABLE = YES;
				MACOSX_DEPLOYMENT_TARGET = 10.13;
				MTL_ENABLE_DEBUG_INFO = YES;
				ONLY_ACTIVE_ARCH = YES;
				SDKROOT = macosx;
			};
			name = Debug;
		};
		5DFF3FED207B89910008D219 /* Release */ = {
			isa = XCBuildConfiguration;
			buildSettings = {
				ALWAYS_SEARCH_USER_PATHS = NO;
				CLANG_ANALYZER_NONNULL = YES;
				CLANG_ANALYZER_NUMBER_OBJECT_CONVERSION = YES_AGGRESSIVE;
				CLANG_CXX_LANGUAGE_STANDARD = "gnu++14";
				CLANG_CXX_LIBRARY = "libc++";
				CLANG_ENABLE_MODULES = YES;
				CLANG_ENABLE_OBJC_ARC = YES;
				CLANG_WARN_BLOCK_CAPTURE_AUTORELEASING = YES;
				CLANG_WARN_BOOL_CONVERSION = YES;
				CLANG_WARN_COMMA = YES;
				CLANG_WARN_CONSTANT_CONVERSION = YES;
				CLANG_WARN_DIRECT_OBJC_ISA_USAGE = YES_ERROR;
				CLANG_WARN_DOCUMENTATION_COMMENTS = YES;
				CLANG_WARN_EMPTY_BODY = YES;
				CLANG_WARN_ENUM_CONVERSION = YES;
				CLANG_WARN_INFINITE_RECURSION = YES;
				CLANG_WARN_INT_CONVERSION = YES;
				CLANG_WARN_NON_LITERAL_NULL_CONVERSION = YES;
				CLANG_WARN_OBJC_LITERAL_CONVERSION = YES;
				CLANG_WARN_OBJC_ROOT_CLASS = YES_ERROR;
				CLANG_WARN_RANGE_LOOP_ANALYSIS = YES;
				CLANG_WARN_STRICT_PROTOTYPES = YES;
				CLANG_WARN_SUSPICIOUS_MOVE = YES;
				CLANG_WARN_UNGUARDED_AVAILABILITY = YES_AGGRESSIVE;
				CLANG_WARN_UNREACHABLE_CODE = YES;
				CLANG_WARN__DUPLICATE_METHOD_MATCH = YES;
				CODE_SIGN_IDENTITY = "Mac Developer";
				COPY_PHASE_STRIP = NO;
				DEBUG_INFORMATION_FORMAT = "dwarf-with-dsym";
				ENABLE_NS_ASSERTIONS = NO;
				ENABLE_STRICT_OBJC_MSGSEND = YES;
				GCC_C_LANGUAGE_STANDARD = gnu11;
				GCC_NO_COMMON_BLOCKS = YES;
				GCC_WARN_64_TO_32_BIT_CONVERSION = YES;
				GCC_WARN_ABOUT_RETURN_TYPE = YES_ERROR;
				GCC_WARN_UNDECLARED_SELECTOR = YES;
				GCC_WARN_UNINITIALIZED_AUTOS = YES_AGGRESSIVE;
				GCC_WARN_UNUSED_FUNCTION = YES;
				GCC_WARN_UNUSED_VARIABLE = YES;
				MACOSX_DEPLOYMENT_TARGET = 10.13;
				MTL_ENABLE_DEBUG_INFO = NO;
				SDKROOT = macosx;
			};
			name = Release;
		};
		5DFF3FEF207B89910008D219 /* Debug */ = {
			isa = XCBuildConfiguration;
			baseConfigurationReference = 2D7103C2ECBA68BBA22D7B11 /* Pods-SS-Client.debug.xcconfig */;
			buildSettings = {
				ASSETCATALOG_COMPILER_APPICON_NAME = AppIcon;
				CODE_SIGN_STYLE = Manual;
				COMBINE_HIDPI_IMAGES = YES;
				DEVELOPMENT_TEAM = 2K3PAR9T8H;
				INFOPLIST_FILE = "SS-Client/Info.plist";
				LD_RUNPATH_SEARCH_PATHS = "$(inherited) @executable_path/../Frameworks";
				PRODUCT_BUNDLE_IDENTIFIER = "com.zxzetster.SS-Client";
				PRODUCT_NAME = "$(TARGET_NAME)";
				PROVISIONING_PROFILE_SPECIFIER = "";
				SKIP_INSTALL = NO;
			};
			name = Debug;
		};
		5DFF3FF0207B89910008D219 /* Release */ = {
			isa = XCBuildConfiguration;
			baseConfigurationReference = 8D77CAF36D8FB1EBB73AA711 /* Pods-SS-Client.release.xcconfig */;
			buildSettings = {
				ASSETCATALOG_COMPILER_APPICON_NAME = AppIcon;
				CODE_SIGN_STYLE = Manual;
				COMBINE_HIDPI_IMAGES = YES;
				DEVELOPMENT_TEAM = 2K3PAR9T8H;
				INFOPLIST_FILE = "SS-Client/Info.plist";
				LD_RUNPATH_SEARCH_PATHS = "$(inherited) @executable_path/../Frameworks";
				PRODUCT_BUNDLE_IDENTIFIER = "com.zxzetster.SS-Client";
				PRODUCT_NAME = "$(TARGET_NAME)";
				PROVISIONING_PROFILE_SPECIFIER = "";
				SKIP_INSTALL = NO;
			};
			name = Release;
		};
/* End XCBuildConfiguration section */

/* Begin XCConfigurationList section */
		5D5CDC75207CFC190053DD36 /* Build configuration list for PBXNativeTarget "NetworkProxySetter" */ = {
			isa = XCConfigurationList;
			buildConfigurations = (
				5D5CDC73207CFC190053DD36 /* Debug */,
				5D5CDC74207CFC190053DD36 /* Release */,
			);
			defaultConfigurationIsVisible = 0;
			defaultConfigurationName = Release;
		};
		5DFF3FD8207B89900008D219 /* Build configuration list for PBXProject "SS-Client" */ = {
			isa = XCConfigurationList;
			buildConfigurations = (
				5DFF3FEC207B89910008D219 /* Debug */,
				5DFF3FED207B89910008D219 /* Release */,
			);
			defaultConfigurationIsVisible = 0;
			defaultConfigurationName = Release;
		};
		5DFF3FEE207B89910008D219 /* Build configuration list for PBXNativeTarget "SS-Client" */ = {
			isa = XCConfigurationList;
			buildConfigurations = (
				5DFF3FEF207B89910008D219 /* Debug */,
				5DFF3FF0207B89910008D219 /* Release */,
			);
			defaultConfigurationIsVisible = 0;
			defaultConfigurationName = Release;
		};
/* End XCConfigurationList section */
	};
	rootObject = 5DFF3FD5207B89900008D219 /* Project object */;
}
